
Microsoft Visual Studio Solution File, Format Version 12.00
# Visual Studio 2013
VisualStudioVersion = 12.0.30110.0
MinimumVisualStudioVersion = 10.0.40219.1
Project("{FAE04EC0-301F-11D3-BF4B-00C04F79EFBC}") = "Breeze.NetClient", "Breeze.NetClient\Breeze.NetClient.csproj", "{54B1CE10-2847-4565-839A-26DA3A51AF38}"
EndProject
Project("{FAE04EC0-301F-11D3-BF4B-00C04F79EFBC}") = "Breeze.NetClient.Test", "Breeze.NetClient.Tests\Breeze.NetClient.Test.csproj", "{6CD50150-C95F-4E6C-BE8C-F1C94453D8D0}"
EndProject
Project("{FAE04EC0-301F-11D3-BF4B-00C04F79EFBC}") = "Model_Northwind_NetClient", "Model_Northwind_NetClient\Model_Northwind_NetClient.csproj", "{AFBEDE2C-1937-4A3A-88A1-046973D969E5}"
EndProject
Project("{FAE04EC0-301F-11D3-BF4B-00C04F79EFBC}") = "Model_Inheritance_NetClient", "Model_Inheritance_NetClient\Model_Inheritance_NetClient.csproj", "{5B809BB6-85EF-4384-BA2B-54889617F76F}"
EndProject
Project("{2150E333-8FDC-42A3-9474-1A3956D46DE8}") = ".nuget", ".nuget", "{2E44777C-485D-48B5-958D-D45B45A4709A}"
	ProjectSection(SolutionItems) = preProject
		.nuget\NuGet.Config = .nuget\NuGet.Config
		.nuget\NuGet.exe = .nuget\NuGet.exe
		.nuget\NuGet.targets = .nuget\NuGet.targets
	EndProjectSection
EndProject
Global
	GlobalSection(SolutionConfigurationPlatforms) = preSolution
		Debug|Any CPU = Debug|Any CPU
		Release|Any CPU = Release|Any CPU
	EndGlobalSection
	GlobalSection(ProjectConfigurationPlatforms) = postSolution
		{54B1CE10-2847-4565-839A-26DA3A51AF38}.Debug|Any CPU.ActiveCfg = Debug|Any CPU
		{54B1CE10-2847-4565-839A-26DA3A51AF38}.Debug|Any CPU.Build.0 = Debug|Any CPU
		{54B1CE10-2847-4565-839A-26DA3A51AF38}.Release|Any CPU.ActiveCfg = Release|Any CPU
		{54B1CE10-2847-4565-839A-26DA3A51AF38}.Release|Any CPU.Build.0 = Release|Any CPU
		{6CD50150-C95F-4E6C-BE8C-F1C94453D8D0}.Debug|Any CPU.ActiveCfg = Debug|Any CPU
		{6CD50150-C95F-4E6C-BE8C-F1C94453D8D0}.Debug|Any CPU.Build.0 = Debug|Any CPU
		{6CD50150-C95F-4E6C-BE8C-F1C94453D8D0}.Release|Any CPU.ActiveCfg = Release|Any CPU
		{6CD50150-C95F-4E6C-BE8C-F1C94453D8D0}.Release|Any CPU.Build.0 = Release|Any CPU
		{AFBEDE2C-1937-4A3A-88A1-046973D969E5}.Debug|Any CPU.ActiveCfg = Debug|Any CPU
		{AFBEDE2C-1937-4A3A-88A1-046973D969E5}.Debug|Any CPU.Build.0 = Debug|Any CPU
		{AFBEDE2C-1937-4A3A-88A1-046973D969E5}.Release|Any CPU.ActiveCfg = Release|Any CPU
		{AFBEDE2C-1937-4A3A-88A1-046973D969E5}.Release|Any CPU.Build.0 = Release|Any CPU
		{5B809BB6-85EF-4384-BA2B-54889617F76F}.Debug|Any CPU.ActiveCfg = Debug|Any CPU
		{5B809BB6-85EF-4384-BA2B-54889617F76F}.Debug|Any CPU.Build.0 = Debug|Any CPU
		{5B809BB6-85EF-4384-BA2B-54889617F76F}.Release|Any CPU.ActiveCfg = Release|Any CPU
		{5B809BB6-85EF-4384-BA2B-54889617F76F}.Release|Any CPU.Build.0 = Release|Any CPU
	EndGlobalSection
	GlobalSection(SolutionProperties) = preSolution
		HideSolutionNode = FALSE
	EndGlobalSection
EndGlobal
