
Microsoft Visual Studio Solution File, Format Version 12.00
# Visual Studio Version 16
VisualStudioVersion = 16.0.30104.148
MinimumVisualStudioVersion = 10.0.40219.1
Project("{2150E333-8FDC-42A3-9474-1A3956D46DE8}") = ".nuget", ".nuget", "{2E44777C-485D-48B5-958D-D45B45A4709A}"
	ProjectSection(SolutionItems) = preProject
		.nuget\NuGet.Config = .nuget\NuGet.Config
		.nuget\NuGet.exe = .nuget\NuGet.exe
		.nuget\NuGet.targets = .nuget\NuGet.targets
	EndProjectSection
EndProject
Project("{FAE04EC0-301F-11D3-BF4B-00C04F79EFBC}") = "Breeze.Sharp", "Breeze.Sharp\Breeze.Sharp.csproj", "{54B1CE10-2847-4565-839A-26DA3A51AF38}"
EndProject
Project("{2150E333-8FDC-42A3-9474-1A3956D46DE8}") = "Solution Items", "Solution Items", "{EAD22E01-2E1E-41DB-AF86-F6280E9B3967}"
	ProjectSection(SolutionItems) = preProject
		.editorconfig = .editorconfig
	EndProjectSection
EndProject
Global
	GlobalSection(SolutionConfigurationPlatforms) = preSolution
		Debug|Any CPU = Debug|Any CPU
		Release|Any CPU = Release|Any CPU
	EndGlobalSection
	GlobalSection(ProjectConfigurationPlatforms) = postSolution
		{54B1CE10-2847-4565-839A-26DA3A51AF38}.Debug|Any CPU.ActiveCfg = Debug|Any CPU
		{54B1CE10-2847-4565-839A-26DA3A51AF38}.Debug|Any CPU.Build.0 = Debug|Any CPU
		{54B1CE10-2847-4565-839A-26DA3A51AF38}.Release|Any CPU.ActiveCfg = Release|Any CPU
		{54B1CE10-2847-4565-839A-26DA3A51AF38}.Release|Any CPU.Build.0 = Release|Any CPU
	EndGlobalSection
	GlobalSection(SolutionProperties) = preSolution
		HideSolutionNode = FALSE
	EndGlobalSection
	GlobalSection(ExtensibilityGlobals) = postSolution
		SolutionGuid = {A5F7DAA4-DDBE-4332-9FB6-230B7103BA04}
	EndGlobalSection
EndGlobal
